
Microsoft Visual Studio Solution File, Format Version 12.00
# Visual Studio Version 17
VisualStudioVersion = 17.4.33110.190
MinimumVisualStudioVersion = 10.0.40219.1
Project("{FAE04EC0-301F-11D3-BF4B-00C04F79EFBC}") = "earliest-possible-day-of-full-bloom", "earliest-possible-day-of-full-bloom\earliest-possible-day-of-full-bloom.csproj", "{8AD03386-F715-4902-99F4-1873DA05C3D2}"
EndProject
Global
	GlobalSection(SolutionConfigurationPlatforms) = preSolution
		Debug|Any CPU = Debug|Any CPU
		Release|Any CPU = Release|Any CPU
	EndGlobalSection
	GlobalSection(ProjectConfigurationPlatforms) = postSolution
		{8AD03386-F715-4902-99F4-1873DA05C3D2}.Debug|Any CPU.ActiveCfg = Debug|Any CPU
		{8AD03386-F715-4902-99F4-1873DA05C3D2}.Debug|Any CPU.Build.0 = Debug|Any CPU
		{8AD03386-F715-4902-99F4-1873DA05C3D2}.Release|Any CPU.ActiveCfg = Release|Any CPU
		{8AD03386-F715-4902-99F4-1873DA05C3D2}.Release|Any CPU.Build.0 = Release|Any CPU
	EndGlobalSection
	GlobalSection(SolutionProperties) = preSolution
		HideSolutionNode = FALSE
	EndGlobalSection
	GlobalSection(ExtensibilityGlobals) = postSolution
		SolutionGuid = {D67AB69D-C82F-42B4-B644-41144D68BE0E}
	EndGlobalSection
EndGlobal
